
Microsoft Visual Studio Solution File, Format Version 12.00
# Visual Studio 15
VisualStudioVersion = 15.0.28307.168
MinimumVisualStudioVersion = 10.0.40219.1
Project("{FAE04EC0-301F-11D3-BF4B-00C04F79EFBC}") = "RhinoManager", "RhinoManager\RhinoManager.csproj", "{1BB107D7-AE9F-4196-96FF-A37409C78DC0}"
EndProject
Global
	GlobalSection(SolutionConfigurationPlatforms) = preSolution
		Debug|Any CPU = Debug|Any CPU
		Release|Any CPU = Release|Any CPU
	EndGlobalSection
	GlobalSection(ProjectConfigurationPlatforms) = postSolution
		{1BB107D7-AE9F-4196-96FF-A37409C78DC0}.Debug|Any CPU.ActiveCfg = Debug|Any CPU
		{1BB107D7-AE9F-4196-96FF-A37409C78DC0}.Debug|Any CPU.Build.0 = Debug|Any CPU
		{1BB107D7-AE9F-4196-96FF-A37409C78DC0}.Release|Any CPU.ActiveCfg = Release|Any CPU
		{1BB107D7-AE9F-4196-96FF-A37409C78DC0}.Release|Any CPU.Build.0 = Release|Any CPU
	EndGlobalSection
	GlobalSection(SolutionProperties) = preSolution
		HideSolutionNode = FALSE
	EndGlobalSection
	GlobalSection(ExtensibilityGlobals) = postSolution
		SolutionGuid = {09431A81-BAF2-497C-81AD-13E9BA033825}
	EndGlobalSection
EndGlobal
